// !$*UTF8*$!
{
	archiveVersion = 1;
	classes = {
	};
	objectVersion = 46;
	objects = {

/* Begin PBXBuildFile section */
		05C84D38AA15635DDC426E26 /* Pods_Unrealm_Tests.framework in Frameworks */ = {isa = PBXBuildFile; fileRef = 22DA468562DD513F75CFFD39 /* Pods_Unrealm_Tests.framework */; };
		607FACD61AFB9204008FA782 /* AppDelegate.swift in Sources */ = {isa = PBXBuildFile; fileRef = 607FACD51AFB9204008FA782 /* AppDelegate.swift */; };
		607FACDB1AFB9204008FA782 /* Main.storyboard in Resources */ = {isa = PBXBuildFile; fileRef = 607FACD91AFB9204008FA782 /* Main.storyboard */; };
		607FACDD1AFB9204008FA782 /* Images.xcassets in Resources */ = {isa = PBXBuildFile; fileRef = 607FACDC1AFB9204008FA782 /* Images.xcassets */; };
		607FACE01AFB9204008FA782 /* LaunchScreen.xib in Resources */ = {isa = PBXBuildFile; fileRef = 607FACDE1AFB9204008FA782 /* LaunchScreen.xib */; };
		607FACEC1AFB9204008FA782 /* Tests.swift in Sources */ = {isa = PBXBuildFile; fileRef = 607FACEB1AFB9204008FA782 /* Tests.swift */; };
		750EC15622CAA52A005CBAE8 /* Person.swift in Sources */ = {isa = PBXBuildFile; fileRef = 750EC15422CAA44B005CBAE8 /* Person.swift */; };
		757C87F522905A2E00BF03A7 /* Location.swift in Sources */ = {isa = PBXBuildFile; fileRef = 757C87F122905A2800BF03A7 /* Location.swift */; };
		757C87F622905A2E00BF03A7 /* User.swift in Sources */ = {isa = PBXBuildFile; fileRef = 757C87F222905A2800BF03A7 /* User.swift */; };
		7597067B24241215002BD2EE /* AppDelegate.swift in Sources */ = {isa = PBXBuildFile; fileRef = 7597067A24241215002BD2EE /* AppDelegate.swift */; };
		7597067D24241215002BD2EE /* ViewController.swift in Sources */ = {isa = PBXBuildFile; fileRef = 7597067C24241215002BD2EE /* ViewController.swift */; };
		7597067F24241216002BD2EE /* Assets.xcassets in Resources */ = {isa = PBXBuildFile; fileRef = 7597067E24241216002BD2EE /* Assets.xcassets */; };
		7597068224241216002BD2EE /* Main.storyboard in Resources */ = {isa = PBXBuildFile; fileRef = 7597068024241216002BD2EE /* Main.storyboard */; };
		759706882424183E002BD2EE /* ToDoItem.swift in Sources */ = {isa = PBXBuildFile; fileRef = 75D4AEE2229B19550038C8C4 /* ToDoItem.swift */; };
		7597068A24241E35002BD2EE /* TableCellViewModel.swift in Sources */ = {isa = PBXBuildFile; fileRef = 7597068924241E35002BD2EE /* TableCellViewModel.swift */; };
		7597068C2424218A002BD2EE /* WindowController.swift in Sources */ = {isa = PBXBuildFile; fileRef = 7597068B2424218A002BD2EE /* WindowController.swift */; };
		7597068F242537F8002BD2EE /* NestedStruct.swift in Sources */ = {isa = PBXBuildFile; fileRef = 7597068D24253791002BD2EE /* NestedStruct.swift */; };
		75D4AEE3229B19550038C8C4 /* ToDoItem.swift in Sources */ = {isa = PBXBuildFile; fileRef = 75D4AEE2229B19550038C8C4 /* ToDoItem.swift */; };
		75D4AEE6229B1B3B0038C8C4 /* ToDoTableViewCell.swift in Sources */ = {isa = PBXBuildFile; fileRef = 75D4AEE5229B1B3B0038C8C4 /* ToDoTableViewCell.swift */; };
		75D4AEEA229B1BDD0038C8C4 /* ToDoListController.swift in Sources */ = {isa = PBXBuildFile; fileRef = 75D4AEE9229B1BDD0038C8C4 /* ToDoListController.swift */; };
		75D4AEEE229B1DCB0038C8C4 /* UITableView+RealmChanges.swift in Sources */ = {isa = PBXBuildFile; fileRef = 75D4AEEC229B1DCB0038C8C4 /* UITableView+RealmChanges.swift */; };
		75D4AEEF229B1DCB0038C8C4 /* UserInputAlert.swift in Sources */ = {isa = PBXBuildFile; fileRef = 75D4AEED229B1DCB0038C8C4 /* UserInputAlert.swift */; };
		75D4AEF0229B2B160038C8C4 /* Dog.swift in Sources */ = {isa = PBXBuildFile; fileRef = 757C87FF2292BF1600BF03A7 /* Dog.swift */; };
		75F16D9E2406DF2C00610F0A /* UITableView+RealmChanges.swift in Sources */ = {isa = PBXBuildFile; fileRef = 75D4AEEC229B1DCB0038C8C4 /* UITableView+RealmChanges.swift */; };
		75F16D9F2406DF3100610F0A /* UserInputAlert.swift in Sources */ = {isa = PBXBuildFile; fileRef = 75D4AEED229B1DCB0038C8C4 /* UserInputAlert.swift */; };
		75F16DA32406DFFB00610F0A /* ToDoListController.swift in Sources */ = {isa = PBXBuildFile; fileRef = 75F16DA12406DFFB00610F0A /* ToDoListController.swift */; };
		75F16DA42406DFFB00610F0A /* ToDoTableViewCell.swift in Sources */ = {isa = PBXBuildFile; fileRef = 75F16DA22406DFFB00610F0A /* ToDoTableViewCell.swift */; };
		8EE82FF10D2EF411D3394A91 /* Pods_RealmStorage.framework in Frameworks */ = {isa = PBXBuildFile; fileRef = 78516466702DDE1C6A6D0609 /* Pods_RealmStorage.framework */; };
		AAA1438F9D4A58FF1C8F87ED /* Pods_Unrealm_Example.framework in Frameworks */ = {isa = PBXBuildFile; fileRef = 7E2027D8A7C92BD198607385 /* Pods_Unrealm_Example.framework */; };
		AF4394812406BE26000F23FD /* Results.swift in Sources */ = {isa = PBXBuildFile; fileRef = AF43947F2406BDE7000F23FD /* Results.swift */; };
		AF6A482E2406AC3A0000D9A1 /* RealmStorage.swift in Sources */ = {isa = PBXBuildFile; fileRef = AF6A482D2406AC3A0000D9A1 /* RealmStorage.swift */; };
		AF6A48432406ACED0000D9A1 /* LocalStorage.swift in Sources */ = {isa = PBXBuildFile; fileRef = AF26048D240684820015DFFA /* LocalStorage.swift */; };
		AF6A48442406AD090000D9A1 /* LocalStorage.framework in Frameworks */ = {isa = PBXBuildFile; fileRef = AF6A48362406ACD80000D9A1 /* LocalStorage.framework */; };
		AFA3A3CB2406B18900466710 /* AppDelegate.swift in Sources */ = {isa = PBXBuildFile; fileRef = AFA3A3CA2406B18900466710 /* AppDelegate.swift */; };
		AFA3A3D22406B18900466710 /* Main.storyboard in Resources */ = {isa = PBXBuildFile; fileRef = AFA3A3D02406B18900466710 /* Main.storyboard */; };
		AFA3A3D42406B18A00466710 /* Assets.xcassets in Resources */ = {isa = PBXBuildFile; fileRef = AFA3A3D32406B18A00466710 /* Assets.xcassets */; };
		AFA3A3D72406B18A00466710 /* LaunchScreen.storyboard in Resources */ = {isa = PBXBuildFile; fileRef = AFA3A3D52406B18A00466710 /* LaunchScreen.storyboard */; };
		AFA3A3DC2406B1B300466710 /* RealmStorage.framework in Frameworks */ = {isa = PBXBuildFile; fileRef = AF6A48202406AC260000D9A1 /* RealmStorage.framework */; };
		AFA3A3DD2406B1B300466710 /* RealmStorage.framework in Embed Frameworks */ = {isa = PBXBuildFile; fileRef = AF6A48202406AC260000D9A1 /* RealmStorage.framework */; settings = {ATTRIBUTES = (CodeSignOnCopy, RemoveHeadersOnCopy, ); }; };
		AFA3A3E12406B38B00466710 /* LocalStorage.h in Headers */ = {isa = PBXBuildFile; fileRef = AF6A48382406ACD80000D9A1 /* LocalStorage.h */; settings = {ATTRIBUTES = (Public, ); }; };
		AFA3A3E22406B39000466710 /* RealmStorage.h in Headers */ = {isa = PBXBuildFile; fileRef = AF6A48222406AC260000D9A1 /* RealmStorage.h */; settings = {ATTRIBUTES = (Public, ); }; };
		AFA3A3E32406B3A400466710 /* LocalStorage.framework in Frameworks */ = {isa = PBXBuildFile; fileRef = AF6A48362406ACD80000D9A1 /* LocalStorage.framework */; };
		AFA3A3E42406B3A400466710 /* LocalStorage.framework in Embed Frameworks */ = {isa = PBXBuildFile; fileRef = AF6A48362406ACD80000D9A1 /* LocalStorage.framework */; settings = {ATTRIBUTES = (CodeSignOnCopy, RemoveHeadersOnCopy, ); }; };
		AFA3A3EA2406B46B00466710 /* ToDoItem.swift in Sources */ = {isa = PBXBuildFile; fileRef = AFA3A3E92406B46B00466710 /* ToDoItem.swift */; };
		AFA3A3EC2406B4EE00466710 /* StorageProvider.swift in Sources */ = {isa = PBXBuildFile; fileRef = AFA3A3EB2406B4EE00466710 /* StorageProvider.swift */; };
		AFA449A323CDE6A2003845CA /* RLMTestClass.swift in Sources */ = {isa = PBXBuildFile; fileRef = AFA449A123CDE69E003845CA /* RLMTestClass.swift */; };
		AFD47B1E233902C500FCCA4A /* Passenger.swift in Sources */ = {isa = PBXBuildFile; fileRef = AFD47B1B233902C500FCCA4A /* Passenger.swift */; };
		AFD47B20233902C500FCCA4A /* Driver.swift in Sources */ = {isa = PBXBuildFile; fileRef = AFD47B1C233902C500FCCA4A /* Driver.swift */; };
		AFD47B2423390B3200FCCA4A /* passengerWithDriver.json in Resources */ = {isa = PBXBuildFile; fileRef = AFD47B2323390B3200FCCA4A /* passengerWithDriver.json */; };
		AFD47B2523390B3400FCCA4A /* passenger.json in Resources */ = {isa = PBXBuildFile; fileRef = AFD47B2123390A1900FCCA4A /* passenger.json */; };
		D98FCC81E702630B5F75367F /* Pods_Example_with_Abstraction.framework in Frameworks */ = {isa = PBXBuildFile; fileRef = 52FA6C70C4F7C143D737D311 /* Pods_Example_with_Abstraction.framework */; };
/* End PBXBuildFile section */

/* Begin PBXContainerItemProxy section */
		607FACE61AFB9204008FA782 /* PBXContainerItemProxy */ = {
			isa = PBXContainerItemProxy;
			containerPortal = 607FACC81AFB9204008FA782 /* Project object */;
			proxyType = 1;
			remoteGlobalIDString = 607FACCF1AFB9204008FA782;
			remoteInfo = Unrealm;
		};
		AF6A48462406AD090000D9A1 /* PBXContainerItemProxy */ = {
			isa = PBXContainerItemProxy;
			containerPortal = 607FACC81AFB9204008FA782 /* Project object */;
			proxyType = 1;
			remoteGlobalIDString = AF6A48352406ACD80000D9A1;
			remoteInfo = LocalStorage;
		};
		AFA3A3DE2406B1B300466710 /* PBXContainerItemProxy */ = {
			isa = PBXContainerItemProxy;
			containerPortal = 607FACC81AFB9204008FA782 /* Project object */;
			proxyType = 1;
			remoteGlobalIDString = AF6A481F2406AC260000D9A1;
			remoteInfo = RealmStorage;
		};
		AFA3A3E52406B3A400466710 /* PBXContainerItemProxy */ = {
			isa = PBXContainerItemProxy;
			containerPortal = 607FACC81AFB9204008FA782 /* Project object */;
			proxyType = 1;
			remoteGlobalIDString = AF6A48352406ACD80000D9A1;
			remoteInfo = LocalStorage;
		};
/* End PBXContainerItemProxy section */

/* Begin PBXCopyFilesBuildPhase section */
		AFA3A3E02406B1B300466710 /* Embed Frameworks */ = {
			isa = PBXCopyFilesBuildPhase;
			buildActionMask = 2147483647;
			dstPath = "";
			dstSubfolderSpec = 10;
			files = (
				AFA3A3E42406B3A400466710 /* LocalStorage.framework in Embed Frameworks */,
				AFA3A3DD2406B1B300466710 /* RealmStorage.framework in Embed Frameworks */,
			);
			name = "Embed Frameworks";
			runOnlyForDeploymentPostprocessing = 0;
		};
/* End PBXCopyFilesBuildPhase section */

/* Begin PBXFileReference section */
		22DA468562DD513F75CFFD39 /* Pods_Unrealm_Tests.framework */ = {isa = PBXFileReference; explicitFileType = wrapper.framework; includeInIndex = 0; path = Pods_Unrealm_Tests.framework; sourceTree = BUILT_PRODUCTS_DIR; };
		23192FD7FBCB3D1B86EB3C6F /* Unrealm.podspec */ = {isa = PBXFileReference; includeInIndex = 1; lastKnownFileType = text; name = Unrealm.podspec; path = ../Unrealm.podspec; sourceTree = "<group>"; xcLanguageSpecificationIdentifier = xcode.lang.ruby; };
		2811C7319575574EBDF0DE56 /* README.md */ = {isa = PBXFileReference; includeInIndex = 1; lastKnownFileType = net.daringfireball.markdown; name = README.md; path = ../README.md; sourceTree = "<group>"; };
		52FA6C70C4F7C143D737D311 /* Pods_Example_with_Abstraction.framework */ = {isa = PBXFileReference; explicitFileType = wrapper.framework; includeInIndex = 0; path = Pods_Example_with_Abstraction.framework; sourceTree = BUILT_PRODUCTS_DIR; };
		607FACD01AFB9204008FA782 /* Unrealm_Example.app */ = {isa = PBXFileReference; explicitFileType = wrapper.application; includeInIndex = 0; path = Unrealm_Example.app; sourceTree = BUILT_PRODUCTS_DIR; };
		607FACD41AFB9204008FA782 /* Info.plist */ = {isa = PBXFileReference; lastKnownFileType = text.plist.xml; path = Info.plist; sourceTree = "<group>"; };
		607FACD51AFB9204008FA782 /* AppDelegate.swift */ = {isa = PBXFileReference; lastKnownFileType = sourcecode.swift; path = AppDelegate.swift; sourceTree = "<group>"; };
		607FACDA1AFB9204008FA782 /* Base */ = {isa = PBXFileReference; lastKnownFileType = file.storyboard; name = Base; path = Base.lproj/Main.storyboard; sourceTree = "<group>"; };
		607FACDC1AFB9204008FA782 /* Images.xcassets */ = {isa = PBXFileReference; lastKnownFileType = folder.assetcatalog; path = Images.xcassets; sourceTree = "<group>"; };
		607FACDF1AFB9204008FA782 /* Base */ = {isa = PBXFileReference; lastKnownFileType = file.xib; name = Base; path = Base.lproj/LaunchScreen.xib; sourceTree = "<group>"; };
		607FACE51AFB9204008FA782 /* Unrealm_Tests.xctest */ = {isa = PBXFileReference; explicitFileType = wrapper.cfbundle; includeInIndex = 0; path = Unrealm_Tests.xctest; sourceTree = BUILT_PRODUCTS_DIR; };
		607FACEA1AFB9204008FA782 /* Info.plist */ = {isa = PBXFileReference; lastKnownFileType = text.plist.xml; path = Info.plist; sourceTree = "<group>"; };
		607FACEB1AFB9204008FA782 /* Tests.swift */ = {isa = PBXFileReference; lastKnownFileType = sourcecode.swift; path = Tests.swift; sourceTree = "<group>"; };
		636889E849F77082BE1B4532 /* Pods-Unrealm_Tests.debug.xcconfig */ = {isa = PBXFileReference; includeInIndex = 1; lastKnownFileType = text.xcconfig; name = "Pods-Unrealm_Tests.debug.xcconfig"; path = "Target Support Files/Pods-Unrealm_Tests/Pods-Unrealm_Tests.debug.xcconfig"; sourceTree = "<group>"; };
		6558BE3FA92312ADDF029457 /* Pods-Example with Abstraction.debug.xcconfig */ = {isa = PBXFileReference; includeInIndex = 1; lastKnownFileType = text.xcconfig; name = "Pods-Example with Abstraction.debug.xcconfig"; path = "Target Support Files/Pods-Example with Abstraction/Pods-Example with Abstraction.debug.xcconfig"; sourceTree = "<group>"; };
		692E1D3E6D897AFA2B3E4E4F /* Pods-Unrealm_Tests.release.xcconfig */ = {isa = PBXFileReference; includeInIndex = 1; lastKnownFileType = text.xcconfig; name = "Pods-Unrealm_Tests.release.xcconfig"; path = "Target Support Files/Pods-Unrealm_Tests/Pods-Unrealm_Tests.release.xcconfig"; sourceTree = "<group>"; };
		69F8DA86A48340925389E082 /* Pods-Unrealm_Example.release.xcconfig */ = {isa = PBXFileReference; includeInIndex = 1; lastKnownFileType = text.xcconfig; name = "Pods-Unrealm_Example.release.xcconfig"; path = "Target Support Files/Pods-Unrealm_Example/Pods-Unrealm_Example.release.xcconfig"; sourceTree = "<group>"; };
		750EC15422CAA44B005CBAE8 /* Person.swift */ = {isa = PBXFileReference; lastKnownFileType = sourcecode.swift; path = Person.swift; sourceTree = "<group>"; };
		757C87F122905A2800BF03A7 /* Location.swift */ = {isa = PBXFileReference; fileEncoding = 4; lastKnownFileType = sourcecode.swift; path = Location.swift; sourceTree = "<group>"; };
		757C87F222905A2800BF03A7 /* User.swift */ = {isa = PBXFileReference; fileEncoding = 4; lastKnownFileType = sourcecode.swift; path = User.swift; sourceTree = "<group>"; };
		757C87FF2292BF1600BF03A7 /* Dog.swift */ = {isa = PBXFileReference; lastKnownFileType = sourcecode.swift; path = Dog.swift; sourceTree = "<group>"; };
		7597067824241214002BD2EE /* Example with Mac.app */ = {isa = PBXFileReference; explicitFileType = wrapper.application; includeInIndex = 0; path = "Example with Mac.app"; sourceTree = BUILT_PRODUCTS_DIR; };
		7597067A24241215002BD2EE /* AppDelegate.swift */ = {isa = PBXFileReference; lastKnownFileType = sourcecode.swift; path = AppDelegate.swift; sourceTree = "<group>"; };
		7597067C24241215002BD2EE /* ViewController.swift */ = {isa = PBXFileReference; lastKnownFileType = sourcecode.swift; path = ViewController.swift; sourceTree = "<group>"; };
		7597067E24241216002BD2EE /* Assets.xcassets */ = {isa = PBXFileReference; lastKnownFileType = folder.assetcatalog; path = Assets.xcassets; sourceTree = "<group>"; };
		7597068124241216002BD2EE /* Base */ = {isa = PBXFileReference; lastKnownFileType = file.storyboard; name = Base; path = Base.lproj/Main.storyboard; sourceTree = "<group>"; };
		7597068324241216002BD2EE /* Info.plist */ = {isa = PBXFileReference; lastKnownFileType = text.plist.xml; path = Info.plist; sourceTree = "<group>"; };
		7597068424241216002BD2EE /* Example_with_Mac.entitlements */ = {isa = PBXFileReference; lastKnownFileType = text.plist.entitlements; path = Example_with_Mac.entitlements; sourceTree = "<group>"; };
		7597068924241E35002BD2EE /* TableCellViewModel.swift */ = {isa = PBXFileReference; lastKnownFileType = sourcecode.swift; path = TableCellViewModel.swift; sourceTree = "<group>"; };
		7597068B2424218A002BD2EE /* WindowController.swift */ = {isa = PBXFileReference; lastKnownFileType = sourcecode.swift; path = WindowController.swift; sourceTree = "<group>"; };
		7597068D24253791002BD2EE /* NestedStruct.swift */ = {isa = PBXFileReference; lastKnownFileType = sourcecode.swift; path = NestedStruct.swift; sourceTree = "<group>"; };
		75D4AEE2229B19550038C8C4 /* ToDoItem.swift */ = {isa = PBXFileReference; lastKnownFileType = sourcecode.swift; path = ToDoItem.swift; sourceTree = "<group>"; };
		75D4AEE5229B1B3B0038C8C4 /* ToDoTableViewCell.swift */ = {isa = PBXFileReference; lastKnownFileType = sourcecode.swift; path = ToDoTableViewCell.swift; sourceTree = "<group>"; };
		75D4AEE9229B1BDD0038C8C4 /* ToDoListController.swift */ = {isa = PBXFileReference; lastKnownFileType = sourcecode.swift; path = ToDoListController.swift; sourceTree = "<group>"; };
		75D4AEEC229B1DCB0038C8C4 /* UITableView+RealmChanges.swift */ = {isa = PBXFileReference; fileEncoding = 4; lastKnownFileType = sourcecode.swift; path = "UITableView+RealmChanges.swift"; sourceTree = "<group>"; };
		75D4AEED229B1DCB0038C8C4 /* UserInputAlert.swift */ = {isa = PBXFileReference; fileEncoding = 4; lastKnownFileType = sourcecode.swift; path = UserInputAlert.swift; sourceTree = "<group>"; };
		75F16DA12406DFFB00610F0A /* ToDoListController.swift */ = {isa = PBXFileReference; fileEncoding = 4; lastKnownFileType = sourcecode.swift; path = ToDoListController.swift; sourceTree = "<group>"; };
		75F16DA22406DFFB00610F0A /* ToDoTableViewCell.swift */ = {isa = PBXFileReference; fileEncoding = 4; lastKnownFileType = sourcecode.swift; path = ToDoTableViewCell.swift; sourceTree = "<group>"; };
		779517AF2142D68C25B996ED /* Pods-Example with Abstraction.release.xcconfig */ = {isa = PBXFileReference; includeInIndex = 1; lastKnownFileType = text.xcconfig; name = "Pods-Example with Abstraction.release.xcconfig"; path = "Target Support Files/Pods-Example with Abstraction/Pods-Example with Abstraction.release.xcconfig"; sourceTree = "<group>"; };
		78516466702DDE1C6A6D0609 /* Pods_RealmStorage.framework */ = {isa = PBXFileReference; explicitFileType = wrapper.framework; includeInIndex = 0; path = Pods_RealmStorage.framework; sourceTree = BUILT_PRODUCTS_DIR; };
		7E2027D8A7C92BD198607385 /* Pods_Unrealm_Example.framework */ = {isa = PBXFileReference; explicitFileType = wrapper.framework; includeInIndex = 0; path = Pods_Unrealm_Example.framework; sourceTree = BUILT_PRODUCTS_DIR; };
		ADD323495251385BFDE17EED /* Pods-Unrealm_Example.debug.xcconfig */ = {isa = PBXFileReference; includeInIndex = 1; lastKnownFileType = text.xcconfig; name = "Pods-Unrealm_Example.debug.xcconfig"; path = "Target Support Files/Pods-Unrealm_Example/Pods-Unrealm_Example.debug.xcconfig"; sourceTree = "<group>"; };
		AF26048D240684820015DFFA /* LocalStorage.swift */ = {isa = PBXFileReference; lastKnownFileType = sourcecode.swift; path = LocalStorage.swift; sourceTree = "<group>"; };
		AF43947F2406BDE7000F23FD /* Results.swift */ = {isa = PBXFileReference; lastKnownFileType = sourcecode.swift; path = Results.swift; sourceTree = "<group>"; };
		AF6A48202406AC260000D9A1 /* RealmStorage.framework */ = {isa = PBXFileReference; explicitFileType = wrapper.framework; includeInIndex = 0; path = RealmStorage.framework; sourceTree = BUILT_PRODUCTS_DIR; };
		AF6A48222406AC260000D9A1 /* RealmStorage.h */ = {isa = PBXFileReference; lastKnownFileType = sourcecode.c.h; path = RealmStorage.h; sourceTree = "<group>"; };
		AF6A48232406AC260000D9A1 /* Info.plist */ = {isa = PBXFileReference; lastKnownFileType = text.plist.xml; path = Info.plist; sourceTree = "<group>"; };
		AF6A482D2406AC3A0000D9A1 /* RealmStorage.swift */ = {isa = PBXFileReference; lastKnownFileType = sourcecode.swift; path = RealmStorage.swift; sourceTree = "<group>"; };
		AF6A48362406ACD80000D9A1 /* LocalStorage.framework */ = {isa = PBXFileReference; explicitFileType = wrapper.framework; includeInIndex = 0; path = LocalStorage.framework; sourceTree = BUILT_PRODUCTS_DIR; };
		AF6A48382406ACD80000D9A1 /* LocalStorage.h */ = {isa = PBXFileReference; lastKnownFileType = sourcecode.c.h; path = LocalStorage.h; sourceTree = "<group>"; };
		AF6A48392406ACD80000D9A1 /* Info.plist */ = {isa = PBXFileReference; lastKnownFileType = text.plist.xml; path = Info.plist; sourceTree = "<group>"; };
		AFA3A3C82406B18900466710 /* Example with Abstraction.app */ = {isa = PBXFileReference; explicitFileType = wrapper.application; includeInIndex = 0; path = "Example with Abstraction.app"; sourceTree = BUILT_PRODUCTS_DIR; };
		AFA3A3CA2406B18900466710 /* AppDelegate.swift */ = {isa = PBXFileReference; lastKnownFileType = sourcecode.swift; path = AppDelegate.swift; sourceTree = "<group>"; };
		AFA3A3D12406B18900466710 /* Base */ = {isa = PBXFileReference; lastKnownFileType = file.storyboard; name = Base; path = Base.lproj/Main.storyboard; sourceTree = "<group>"; };
		AFA3A3D32406B18A00466710 /* Assets.xcassets */ = {isa = PBXFileReference; lastKnownFileType = folder.assetcatalog; path = Assets.xcassets; sourceTree = "<group>"; };
		AFA3A3D62406B18A00466710 /* Base */ = {isa = PBXFileReference; lastKnownFileType = file.storyboard; name = Base; path = Base.lproj/LaunchScreen.storyboard; sourceTree = "<group>"; };
		AFA3A3D82406B18A00466710 /* Info.plist */ = {isa = PBXFileReference; lastKnownFileType = text.plist.xml; path = Info.plist; sourceTree = "<group>"; };
		AFA3A3E92406B46B00466710 /* ToDoItem.swift */ = {isa = PBXFileReference; lastKnownFileType = sourcecode.swift; path = ToDoItem.swift; sourceTree = "<group>"; };
		AFA3A3EB2406B4EE00466710 /* StorageProvider.swift */ = {isa = PBXFileReference; lastKnownFileType = sourcecode.swift; path = StorageProvider.swift; sourceTree = "<group>"; };
		AFA449A123CDE69E003845CA /* RLMTestClass.swift */ = {isa = PBXFileReference; lastKnownFileType = sourcecode.swift; path = RLMTestClass.swift; sourceTree = "<group>"; };
		AFD47B1B233902C500FCCA4A /* Passenger.swift */ = {isa = PBXFileReference; fileEncoding = 4; lastKnownFileType = sourcecode.swift; path = Passenger.swift; sourceTree = "<group>"; };
		AFD47B1C233902C500FCCA4A /* Driver.swift */ = {isa = PBXFileReference; fileEncoding = 4; lastKnownFileType = sourcecode.swift; path = Driver.swift; sourceTree = "<group>"; };
		AFD47B2123390A1900FCCA4A /* passenger.json */ = {isa = PBXFileReference; lastKnownFileType = text.json; path = passenger.json; sourceTree = "<group>"; };
		AFD47B2323390B3200FCCA4A /* passengerWithDriver.json */ = {isa = PBXFileReference; fileEncoding = 4; lastKnownFileType = text.json; path = passengerWithDriver.json; sourceTree = "<group>"; };
		DACEE9F0F1E114711D2E7895 /* Pods-RealmStorage.release.xcconfig */ = {isa = PBXFileReference; includeInIndex = 1; lastKnownFileType = text.xcconfig; name = "Pods-RealmStorage.release.xcconfig"; path = "Target Support Files/Pods-RealmStorage/Pods-RealmStorage.release.xcconfig"; sourceTree = "<group>"; };
		DB6DEFEE7523B3B473A95A84 /* LICENSE */ = {isa = PBXFileReference; includeInIndex = 1; lastKnownFileType = text; name = LICENSE; path = ../LICENSE; sourceTree = "<group>"; };
		DFA033B0738F2A562D98C1D8 /* Pods-RealmStorage.debug.xcconfig */ = {isa = PBXFileReference; includeInIndex = 1; lastKnownFileType = text.xcconfig; name = "Pods-RealmStorage.debug.xcconfig"; path = "Target Support Files/Pods-RealmStorage/Pods-RealmStorage.debug.xcconfig"; sourceTree = "<group>"; };
/* End PBXFileReference section */

/* Begin PBXFrameworksBuildPhase section */
		607FACCD1AFB9204008FA782 /* Frameworks */ = {
			isa = PBXFrameworksBuildPhase;
			buildActionMask = 2147483647;
			files = (
				AAA1438F9D4A58FF1C8F87ED /* Pods_Unrealm_Example.framework in Frameworks */,
			);
			runOnlyForDeploymentPostprocessing = 0;
		};
		607FACE21AFB9204008FA782 /* Frameworks */ = {
			isa = PBXFrameworksBuildPhase;
			buildActionMask = 2147483647;
			files = (
				05C84D38AA15635DDC426E26 /* Pods_Unrealm_Tests.framework in Frameworks */,
			);
			runOnlyForDeploymentPostprocessing = 0;
		};
		7597067524241214002BD2EE /* Frameworks */ = {
			isa = PBXFrameworksBuildPhase;
			buildActionMask = 2147483647;
			files = (
			);
			runOnlyForDeploymentPostprocessing = 0;
		};
		AF6A481D2406AC260000D9A1 /* Frameworks */ = {
			isa = PBXFrameworksBuildPhase;
			buildActionMask = 2147483647;
			files = (
				AF6A48442406AD090000D9A1 /* LocalStorage.framework in Frameworks */,
				8EE82FF10D2EF411D3394A91 /* Pods_RealmStorage.framework in Frameworks */,
			);
			runOnlyForDeploymentPostprocessing = 0;
		};
		AF6A48332406ACD80000D9A1 /* Frameworks */ = {
			isa = PBXFrameworksBuildPhase;
			buildActionMask = 2147483647;
			files = (
			);
			runOnlyForDeploymentPostprocessing = 0;
		};
		AFA3A3C52406B18900466710 /* Frameworks */ = {
			isa = PBXFrameworksBuildPhase;
			buildActionMask = 2147483647;
			files = (
				AFA3A3E32406B3A400466710 /* LocalStorage.framework in Frameworks */,
				AFA3A3DC2406B1B300466710 /* RealmStorage.framework in Frameworks */,
				D98FCC81E702630B5F75367F /* Pods_Example_with_Abstraction.framework in Frameworks */,
			);
			runOnlyForDeploymentPostprocessing = 0;
		};
/* End PBXFrameworksBuildPhase section */

/* Begin PBXGroup section */
		607FACC71AFB9204008FA782 = {
			isa = PBXGroup;
			children = (
				607FACF51AFB993E008FA782 /* Podspec Metadata */,
				607FACD21AFB9204008FA782 /* Example for Unrealm */,
				7597067924241214002BD2EE /* Example with Mac */,
				AFA3A3C92406B18900466710 /* Example with Abstraction */,
				607FACE81AFB9204008FA782 /* Tests */,
				607FACD11AFB9204008FA782 /* Products */,
				F2B3ED0AE8FA2839F03C0D4E /* Pods */,
				92236C06055C1EB5514FEC2C /* Frameworks */,
			);
			sourceTree = "<group>";
		};
		607FACD11AFB9204008FA782 /* Products */ = {
			isa = PBXGroup;
			children = (
				607FACD01AFB9204008FA782 /* Unrealm_Example.app */,
				607FACE51AFB9204008FA782 /* Unrealm_Tests.xctest */,
				AF6A48202406AC260000D9A1 /* RealmStorage.framework */,
				AF6A48362406ACD80000D9A1 /* LocalStorage.framework */,
				AFA3A3C82406B18900466710 /* Example with Abstraction.app */,
				7597067824241214002BD2EE /* Example with Mac.app */,
			);
			name = Products;
			sourceTree = "<group>";
		};
		607FACD21AFB9204008FA782 /* Example for Unrealm */ = {
			isa = PBXGroup;
			children = (
				75D4AEEB229B1DCB0038C8C4 /* Classes */,
				75D4AEE1229B19450038C8C4 /* Entities */,
				75D4AEE4229B1B1A0038C8C4 /* Scenes */,
				607FACD91AFB9204008FA782 /* Main.storyboard */,
				607FACD31AFB9204008FA782 /* Supporting Files */,
			);
			name = "Example for Unrealm";
			path = Unrealm;
			sourceTree = "<group>";
		};
		607FACD31AFB9204008FA782 /* Supporting Files */ = {
			isa = PBXGroup;
			children = (
				607FACDC1AFB9204008FA782 /* Images.xcassets */,
				607FACDE1AFB9204008FA782 /* LaunchScreen.xib */,
				607FACD51AFB9204008FA782 /* AppDelegate.swift */,
				607FACD41AFB9204008FA782 /* Info.plist */,
			);
			name = "Supporting Files";
			sourceTree = "<group>";
		};
		607FACE81AFB9204008FA782 /* Tests */ = {
			isa = PBXGroup;
			children = (
				757C87F022905A2800BF03A7 /* ExampleModels */,
				607FACEB1AFB9204008FA782 /* Tests.swift */,
				607FACE91AFB9204008FA782 /* Supporting Files */,
			);
			path = Tests;
			sourceTree = "<group>";
		};
		607FACE91AFB9204008FA782 /* Supporting Files */ = {
			isa = PBXGroup;
			children = (
				AFD47B2123390A1900FCCA4A /* passenger.json */,
				AFD47B2323390B3200FCCA4A /* passengerWithDriver.json */,
				607FACEA1AFB9204008FA782 /* Info.plist */,
			);
			name = "Supporting Files";
			sourceTree = "<group>";
		};
		607FACF51AFB993E008FA782 /* Podspec Metadata */ = {
			isa = PBXGroup;
			children = (
				23192FD7FBCB3D1B86EB3C6F /* Unrealm.podspec */,
				2811C7319575574EBDF0DE56 /* README.md */,
				DB6DEFEE7523B3B473A95A84 /* LICENSE */,
			);
			name = "Podspec Metadata";
			sourceTree = "<group>";
		};
		757C87F022905A2800BF03A7 /* ExampleModels */ = {
			isa = PBXGroup;
			children = (
				AFD47B262339115100FCCA4A /* Codable */,
				757C87F122905A2800BF03A7 /* Location.swift */,
				757C87F222905A2800BF03A7 /* User.swift */,
				757C87FF2292BF1600BF03A7 /* Dog.swift */,
				750EC15422CAA44B005CBAE8 /* Person.swift */,
				AFA449A123CDE69E003845CA /* RLMTestClass.swift */,
				7597068D24253791002BD2EE /* NestedStruct.swift */,
			);
			path = ExampleModels;
			sourceTree = "<group>";
		};
		7597067924241214002BD2EE /* Example with Mac */ = {
			isa = PBXGroup;
			children = (
				7597067A24241215002BD2EE /* AppDelegate.swift */,
				7597068924241E35002BD2EE /* TableCellViewModel.swift */,
				7597067C24241215002BD2EE /* ViewController.swift */,
				7597068B2424218A002BD2EE /* WindowController.swift */,
				7597067E24241216002BD2EE /* Assets.xcassets */,
				7597068024241216002BD2EE /* Main.storyboard */,
				7597068324241216002BD2EE /* Info.plist */,
				7597068424241216002BD2EE /* Example_with_Mac.entitlements */,
			);
			path = "Example with Mac";
			sourceTree = "<group>";
		};
		75D4AEE1229B19450038C8C4 /* Entities */ = {
			isa = PBXGroup;
			children = (
				75D4AEE2229B19550038C8C4 /* ToDoItem.swift */,
			);
			path = Entities;
			sourceTree = "<group>";
		};
		75D4AEE4229B1B1A0038C8C4 /* Scenes */ = {
			isa = PBXGroup;
			children = (
				75D4AEE5229B1B3B0038C8C4 /* ToDoTableViewCell.swift */,
				75D4AEE9229B1BDD0038C8C4 /* ToDoListController.swift */,
			);
			path = Scenes;
			sourceTree = "<group>";
		};
		75D4AEEB229B1DCB0038C8C4 /* Classes */ = {
			isa = PBXGroup;
			children = (
				75D4AEEC229B1DCB0038C8C4 /* UITableView+RealmChanges.swift */,
				75D4AEED229B1DCB0038C8C4 /* UserInputAlert.swift */,
			);
			path = Classes;
			sourceTree = "<group>";
		};
		75F16DA02406DFB700610F0A /* Scenes */ = {
			isa = PBXGroup;
			children = (
				75F16DA12406DFFB00610F0A /* ToDoListController.swift */,
				75F16DA22406DFFB00610F0A /* ToDoTableViewCell.swift */,
			);
			path = Scenes;
			sourceTree = "<group>";
		};
		92236C06055C1EB5514FEC2C /* Frameworks */ = {
			isa = PBXGroup;
			children = (
				52FA6C70C4F7C143D737D311 /* Pods_Example_with_Abstraction.framework */,
				78516466702DDE1C6A6D0609 /* Pods_RealmStorage.framework */,
				7E2027D8A7C92BD198607385 /* Pods_Unrealm_Example.framework */,
				22DA468562DD513F75CFFD39 /* Pods_Unrealm_Tests.framework */,
			);
			name = Frameworks;
			sourceTree = "<group>";
		};
		AF6A48212406AC260000D9A1 /* RealmStorage */ = {
			isa = PBXGroup;
			children = (
				AF6A482D2406AC3A0000D9A1 /* RealmStorage.swift */,
				AF6A48302406AC440000D9A1 /* Supporting Files */,
			);
			path = RealmStorage;
			sourceTree = "<group>";
		};
		AF6A48302406AC440000D9A1 /* Supporting Files */ = {
			isa = PBXGroup;
			children = (
				AF6A48222406AC260000D9A1 /* RealmStorage.h */,
				AF6A48232406AC260000D9A1 /* Info.plist */,
			);
			name = "Supporting Files";
			sourceTree = "<group>";
		};
		AF6A48372406ACD80000D9A1 /* LocalStorage */ = {
			isa = PBXGroup;
			children = (
				AF26048D240684820015DFFA /* LocalStorage.swift */,
				AF43947F2406BDE7000F23FD /* Results.swift */,
				AF6A48422406ACDE0000D9A1 /* Supporting Files */,
			);
			path = LocalStorage;
			sourceTree = "<group>";
		};
		AF6A48422406ACDE0000D9A1 /* Supporting Files */ = {
			isa = PBXGroup;
			children = (
				AF6A48382406ACD80000D9A1 /* LocalStorage.h */,
				AF6A48392406ACD80000D9A1 /* Info.plist */,
			);
			name = "Supporting Files";
			sourceTree = "<group>";
		};
		AFA3A3C92406B18900466710 /* Example with Abstraction */ = {
			isa = PBXGroup;
			children = (
				AFA3A3E72406B42500466710 /* Entities */,
				AF6A48372406ACD80000D9A1 /* LocalStorage */,
				AF6A48212406AC260000D9A1 /* RealmStorage */,
				75F16DA02406DFB700610F0A /* Scenes */,
				AFA3A3D02406B18900466710 /* Main.storyboard */,
				AFA3A3EB2406B4EE00466710 /* StorageProvider.swift */,
				AFA3A3E82406B42D00466710 /* Supporting Files */,
			);
			path = "Example with Abstraction";
			sourceTree = "<group>";
		};
		AFA3A3E72406B42500466710 /* Entities */ = {
			isa = PBXGroup;
			children = (
				AFA3A3E92406B46B00466710 /* ToDoItem.swift */,
			);
			path = Entities;
			sourceTree = "<group>";
		};
		AFA3A3E82406B42D00466710 /* Supporting Files */ = {
			isa = PBXGroup;
			children = (
				AFA3A3CA2406B18900466710 /* AppDelegate.swift */,
				AFA3A3D32406B18A00466710 /* Assets.xcassets */,
				AFA3A3D52406B18A00466710 /* LaunchScreen.storyboard */,
				AFA3A3D82406B18A00466710 /* Info.plist */,
			);
			path = "Supporting Files";
			sourceTree = "<group>";
		};
		AFD47B262339115100FCCA4A /* Codable */ = {
			isa = PBXGroup;
			children = (
				AFD47B1C233902C500FCCA4A /* Driver.swift */,
				AFD47B1B233902C500FCCA4A /* Passenger.swift */,
			);
			path = Codable;
			sourceTree = "<group>";
		};
		F2B3ED0AE8FA2839F03C0D4E /* Pods */ = {
			isa = PBXGroup;
			children = (
				6558BE3FA92312ADDF029457 /* Pods-Example with Abstraction.debug.xcconfig */,
				779517AF2142D68C25B996ED /* Pods-Example with Abstraction.release.xcconfig */,
				DFA033B0738F2A562D98C1D8 /* Pods-RealmStorage.debug.xcconfig */,
				DACEE9F0F1E114711D2E7895 /* Pods-RealmStorage.release.xcconfig */,
				ADD323495251385BFDE17EED /* Pods-Unrealm_Example.debug.xcconfig */,
				69F8DA86A48340925389E082 /* Pods-Unrealm_Example.release.xcconfig */,
				636889E849F77082BE1B4532 /* Pods-Unrealm_Tests.debug.xcconfig */,
				692E1D3E6D897AFA2B3E4E4F /* Pods-Unrealm_Tests.release.xcconfig */,
			);
			path = Pods;
			sourceTree = "<group>";
		};
/* End PBXGroup section */

/* Begin PBXHeadersBuildPhase section */
		AF6A481B2406AC260000D9A1 /* Headers */ = {
			isa = PBXHeadersBuildPhase;
			buildActionMask = 2147483647;
			files = (
				AFA3A3E22406B39000466710 /* RealmStorage.h in Headers */,
			);
			runOnlyForDeploymentPostprocessing = 0;
		};
		AF6A48312406ACD80000D9A1 /* Headers */ = {
			isa = PBXHeadersBuildPhase;
			buildActionMask = 2147483647;
			files = (
				AFA3A3E12406B38B00466710 /* LocalStorage.h in Headers */,
			);
			runOnlyForDeploymentPostprocessing = 0;
		};
/* End PBXHeadersBuildPhase section */

/* Begin PBXNativeTarget section */
		607FACCF1AFB9204008FA782 /* Unrealm_Example */ = {
			isa = PBXNativeTarget;
			buildConfigurationList = 607FACEF1AFB9204008FA782 /* Build configuration list for PBXNativeTarget "Unrealm_Example" */;
			buildPhases = (
				84F1B14B3A48087058F58DE6 /* [CP] Check Pods Manifest.lock */,
				607FACCC1AFB9204008FA782 /* Sources */,
				607FACCD1AFB9204008FA782 /* Frameworks */,
				607FACCE1AFB9204008FA782 /* Resources */,
				4F59A4BC6ACF48D1ABB1F16D /* [CP] Embed Pods Frameworks */,
			);
			buildRules = (
			);
			dependencies = (
			);
			name = Unrealm_Example;
			productName = Unrealm;
			productReference = 607FACD01AFB9204008FA782 /* Unrealm_Example.app */;
			productType = "com.apple.product-type.application";
		};
		607FACE41AFB9204008FA782 /* Unrealm_Tests */ = {
			isa = PBXNativeTarget;
			buildConfigurationList = 607FACF21AFB9204008FA782 /* Build configuration list for PBXNativeTarget "Unrealm_Tests" */;
			buildPhases = (
				D12D85E76C752537157FDAC0 /* [CP] Check Pods Manifest.lock */,
				607FACE11AFB9204008FA782 /* Sources */,
				607FACE21AFB9204008FA782 /* Frameworks */,
				607FACE31AFB9204008FA782 /* Resources */,
			);
			buildRules = (
			);
			dependencies = (
				607FACE71AFB9204008FA782 /* PBXTargetDependency */,
			);
			name = Unrealm_Tests;
			productName = Tests;
			productReference = 607FACE51AFB9204008FA782 /* Unrealm_Tests.xctest */;
			productType = "com.apple.product-type.bundle.unit-test";
		};
		7597067724241214002BD2EE /* Example with Mac */ = {
			isa = PBXNativeTarget;
			buildConfigurationList = 7597068724241216002BD2EE /* Build configuration list for PBXNativeTarget "Example with Mac" */;
			buildPhases = (
				7597067424241214002BD2EE /* Sources */,
				7597067524241214002BD2EE /* Frameworks */,
				7597067624241214002BD2EE /* Resources */,
			);
			buildRules = (
			);
			dependencies = (
			);
			name = "Example with Mac";
			productName = "Example with Mac";
			productReference = 7597067824241214002BD2EE /* Example with Mac.app */;
			productType = "com.apple.product-type.application";
		};
		AF6A481F2406AC260000D9A1 /* RealmStorage */ = {
			isa = PBXNativeTarget;
			buildConfigurationList = AF6A48292406AC260000D9A1 /* Build configuration list for PBXNativeTarget "RealmStorage" */;
			buildPhases = (
				54CD66C47BBC6B3FE14CCE42 /* [CP] Check Pods Manifest.lock */,
				AF6A481B2406AC260000D9A1 /* Headers */,
				AF6A481C2406AC260000D9A1 /* Sources */,
				AF6A481D2406AC260000D9A1 /* Frameworks */,
				AF6A481E2406AC260000D9A1 /* Resources */,
			);
			buildRules = (
			);
			dependencies = (
				AF6A48472406AD090000D9A1 /* PBXTargetDependency */,
			);
			name = RealmStorage;
			productName = RealmStorage;
			productReference = AF6A48202406AC260000D9A1 /* RealmStorage.framework */;
			productType = "com.apple.product-type.framework";
		};
		AF6A48352406ACD80000D9A1 /* LocalStorage */ = {
			isa = PBXNativeTarget;
			buildConfigurationList = AF6A48412406ACD80000D9A1 /* Build configuration list for PBXNativeTarget "LocalStorage" */;
			buildPhases = (
				AF6A48312406ACD80000D9A1 /* Headers */,
				AF6A48322406ACD80000D9A1 /* Sources */,
				AF6A48332406ACD80000D9A1 /* Frameworks */,
				AF6A48342406ACD80000D9A1 /* Resources */,
			);
			buildRules = (
			);
			dependencies = (
			);
			name = LocalStorage;
			productName = LocalStorage;
			productReference = AF6A48362406ACD80000D9A1 /* LocalStorage.framework */;
			productType = "com.apple.product-type.framework";
		};
		AFA3A3C72406B18900466710 /* Example with Abstraction */ = {
			isa = PBXNativeTarget;
			buildConfigurationList = AFA3A3D92406B18B00466710 /* Build configuration list for PBXNativeTarget "Example with Abstraction" */;
			buildPhases = (
				DFEC873AEE171C504AE743F2 /* [CP] Check Pods Manifest.lock */,
				AFA3A3C42406B18900466710 /* Sources */,
				AFA3A3C52406B18900466710 /* Frameworks */,
				AFA3A3C62406B18900466710 /* Resources */,
				AFA3A3E02406B1B300466710 /* Embed Frameworks */,
				B1FB2210F2FA4B693C0F26B3 /* [CP] Embed Pods Frameworks */,
			);
			buildRules = (
			);
			dependencies = (
				AFA3A3DF2406B1B300466710 /* PBXTargetDependency */,
				AFA3A3E62406B3A400466710 /* PBXTargetDependency */,
			);
			name = "Example with Abstraction";
			productName = "Example with Abstraction";
			productReference = AFA3A3C82406B18900466710 /* Example with Abstraction.app */;
			productType = "com.apple.product-type.application";
		};
/* End PBXNativeTarget section */

/* Begin PBXProject section */
		607FACC81AFB9204008FA782 /* Project object */ = {
			isa = PBXProject;
			attributes = {
				DefaultBuildSystemTypeForWorkspace = Latest;
				LastSwiftUpdateCheck = 1130;
				LastUpgradeCheck = 1130;
				ORGANIZATIONNAME = CocoaPods;
				TargetAttributes = {
					607FACCF1AFB9204008FA782 = {
						CreatedOnToolsVersion = 6.3.1;
						LastSwiftMigration = 0900;
					};
					607FACE41AFB9204008FA782 = {
						CreatedOnToolsVersion = 6.3.1;
						LastSwiftMigration = 0900;
						TestTargetID = 607FACCF1AFB9204008FA782;
					};
					7597067724241214002BD2EE = {
						CreatedOnToolsVersion = 11.3.1;
						ProvisioningStyle = Automatic;
					};
					AF6A481F2406AC260000D9A1 = {
						CreatedOnToolsVersion = 11.3.1;
						LastSwiftMigration = 1130;
						ProvisioningStyle = Automatic;
					};
					AF6A48352406ACD80000D9A1 = {
						CreatedOnToolsVersion = 11.3.1;
						ProvisioningStyle = Automatic;
					};
					AFA3A3C72406B18900466710 = {
						CreatedOnToolsVersion = 11.3.1;
						ProvisioningStyle = Automatic;
					};
				};
			};
			buildConfigurationList = 607FACCB1AFB9204008FA782 /* Build configuration list for PBXProject "Unrealm" */;
			compatibilityVersion = "Xcode 3.2";
			developmentRegion = en;
			hasScannedForEncodings = 0;
			knownRegions = (
				en,
				Base,
			);
			mainGroup = 607FACC71AFB9204008FA782;
			productRefGroup = 607FACD11AFB9204008FA782 /* Products */;
			projectDirPath = "";
			projectRoot = "";
			targets = (
				607FACCF1AFB9204008FA782 /* Unrealm_Example */,
				607FACE41AFB9204008FA782 /* Unrealm_Tests */,
				AF6A481F2406AC260000D9A1 /* RealmStorage */,
				AF6A48352406ACD80000D9A1 /* LocalStorage */,
				AFA3A3C72406B18900466710 /* Example with Abstraction */,
				7597067724241214002BD2EE /* Example with Mac */,
			);
		};
/* End PBXProject section */

/* Begin PBXResourcesBuildPhase section */
		607FACCE1AFB9204008FA782 /* Resources */ = {
			isa = PBXResourcesBuildPhase;
			buildActionMask = 2147483647;
			files = (
				607FACDB1AFB9204008FA782 /* Main.storyboard in Resources */,
				607FACE01AFB9204008FA782 /* LaunchScreen.xib in Resources */,
				607FACDD1AFB9204008FA782 /* Images.xcassets in Resources */,
			);
			runOnlyForDeploymentPostprocessing = 0;
		};
		607FACE31AFB9204008FA782 /* Resources */ = {
			isa = PBXResourcesBuildPhase;
			buildActionMask = 2147483647;
			files = (
				AFD47B2523390B3400FCCA4A /* passenger.json in Resources */,
				AFD47B2423390B3200FCCA4A /* passengerWithDriver.json in Resources */,
			);
			runOnlyForDeploymentPostprocessing = 0;
		};
		7597067624241214002BD2EE /* Resources */ = {
			isa = PBXResourcesBuildPhase;
			buildActionMask = 2147483647;
			files = (
				7597067F24241216002BD2EE /* Assets.xcassets in Resources */,
				7597068224241216002BD2EE /* Main.storyboard in Resources */,
			);
			runOnlyForDeploymentPostprocessing = 0;
		};
		AF6A481E2406AC260000D9A1 /* Resources */ = {
			isa = PBXResourcesBuildPhase;
			buildActionMask = 2147483647;
			files = (
			);
			runOnlyForDeploymentPostprocessing = 0;
		};
		AF6A48342406ACD80000D9A1 /* Resources */ = {
			isa = PBXResourcesBuildPhase;
			buildActionMask = 2147483647;
			files = (
			);
			runOnlyForDeploymentPostprocessing = 0;
		};
		AFA3A3C62406B18900466710 /* Resources */ = {
			isa = PBXResourcesBuildPhase;
			buildActionMask = 2147483647;
			files = (
				AFA3A3D72406B18A00466710 /* LaunchScreen.storyboard in Resources */,
				AFA3A3D42406B18A00466710 /* Assets.xcassets in Resources */,
				AFA3A3D22406B18900466710 /* Main.storyboard in Resources */,
			);
			runOnlyForDeploymentPostprocessing = 0;
		};
/* End PBXResourcesBuildPhase section */

/* Begin PBXShellScriptBuildPhase section */
		4F59A4BC6ACF48D1ABB1F16D /* [CP] Embed Pods Frameworks */ = {
			isa = PBXShellScriptBuildPhase;
			buildActionMask = 2147483647;
			files = (
			);
			inputPaths = (
				"${PODS_ROOT}/Target Support Files/Pods-Unrealm_Example/Pods-Unrealm_Example-frameworks.sh",
				"${BUILT_PRODUCTS_DIR}/Realm/Realm.framework",
				"${BUILT_PRODUCTS_DIR}/RealmSwift/RealmSwift.framework",
				"${BUILT_PRODUCTS_DIR}/Runtime/Runtime.framework",
				"${BUILT_PRODUCTS_DIR}/Unrealm/Unrealm.framework",
			);
			name = "[CP] Embed Pods Frameworks";
			outputPaths = (
				"${TARGET_BUILD_DIR}/${FRAMEWORKS_FOLDER_PATH}/Realm.framework",
				"${TARGET_BUILD_DIR}/${FRAMEWORKS_FOLDER_PATH}/RealmSwift.framework",
				"${TARGET_BUILD_DIR}/${FRAMEWORKS_FOLDER_PATH}/Runtime.framework",
				"${TARGET_BUILD_DIR}/${FRAMEWORKS_FOLDER_PATH}/Unrealm.framework",
			);
			runOnlyForDeploymentPostprocessing = 0;
			shellPath = /bin/sh;
			shellScript = "\"${PODS_ROOT}/Target Support Files/Pods-Unrealm_Example/Pods-Unrealm_Example-frameworks.sh\"\n";
			showEnvVarsInLog = 0;
		};
		54CD66C47BBC6B3FE14CCE42 /* [CP] Check Pods Manifest.lock */ = {
			isa = PBXShellScriptBuildPhase;
			buildActionMask = 2147483647;
			files = (
			);
			inputFileListPaths = (
			);
			inputPaths = (
				"${PODS_PODFILE_DIR_PATH}/Podfile.lock",
				"${PODS_ROOT}/Manifest.lock",
			);
			name = "[CP] Check Pods Manifest.lock";
			outputFileListPaths = (
			);
			outputPaths = (
				"$(DERIVED_FILE_DIR)/Pods-RealmStorage-checkManifestLockResult.txt",
			);
			runOnlyForDeploymentPostprocessing = 0;
			shellPath = /bin/sh;
			shellScript = "diff \"${PODS_PODFILE_DIR_PATH}/Podfile.lock\" \"${PODS_ROOT}/Manifest.lock\" > /dev/null\nif [ $? != 0 ] ; then\n    # print error to STDERR\n    echo \"error: The sandbox is not in sync with the Podfile.lock. Run 'pod install' or update your CocoaPods installation.\" >&2\n    exit 1\nfi\n# This output is used by Xcode 'outputs' to avoid re-running this script phase.\necho \"SUCCESS\" > \"${SCRIPT_OUTPUT_FILE_0}\"\n";
			showEnvVarsInLog = 0;
		};
		84F1B14B3A48087058F58DE6 /* [CP] Check Pods Manifest.lock */ = {
			isa = PBXShellScriptBuildPhase;
			buildActionMask = 2147483647;
			files = (
			);
			inputFileListPaths = (
			);
			inputPaths = (
				"${PODS_PODFILE_DIR_PATH}/Podfile.lock",
				"${PODS_ROOT}/Manifest.lock",
			);
			name = "[CP] Check Pods Manifest.lock";
			outputFileListPaths = (
			);
			outputPaths = (
				"$(DERIVED_FILE_DIR)/Pods-Unrealm_Example-checkManifestLockResult.txt",
			);
			runOnlyForDeploymentPostprocessing = 0;
			shellPath = /bin/sh;
			shellScript = "diff \"${PODS_PODFILE_DIR_PATH}/Podfile.lock\" \"${PODS_ROOT}/Manifest.lock\" > /dev/null\nif [ $? != 0 ] ; then\n    # print error to STDERR\n    echo \"error: The sandbox is not in sync with the Podfile.lock. Run 'pod install' or update your CocoaPods installation.\" >&2\n    exit 1\nfi\n# This output is used by Xcode 'outputs' to avoid re-running this script phase.\necho \"SUCCESS\" > \"${SCRIPT_OUTPUT_FILE_0}\"\n";
			showEnvVarsInLog = 0;
		};
		B1FB2210F2FA4B693C0F26B3 /* [CP] Embed Pods Frameworks */ = {
			isa = PBXShellScriptBuildPhase;
			buildActionMask = 2147483647;
			files = (
			);
			inputPaths = (
				"${PODS_ROOT}/Target Support Files/Pods-Example with Abstraction/Pods-Example with Abstraction-frameworks.sh",
				"${BUILT_PRODUCTS_DIR}/Realm/Realm.framework",
				"${BUILT_PRODUCTS_DIR}/RealmSwift/RealmSwift.framework",
				"${BUILT_PRODUCTS_DIR}/Runtime/Runtime.framework",
				"${BUILT_PRODUCTS_DIR}/Unrealm/Unrealm.framework",
			);
			name = "[CP] Embed Pods Frameworks";
			outputPaths = (
				"${TARGET_BUILD_DIR}/${FRAMEWORKS_FOLDER_PATH}/Realm.framework",
				"${TARGET_BUILD_DIR}/${FRAMEWORKS_FOLDER_PATH}/RealmSwift.framework",
				"${TARGET_BUILD_DIR}/${FRAMEWORKS_FOLDER_PATH}/Runtime.framework",
				"${TARGET_BUILD_DIR}/${FRAMEWORKS_FOLDER_PATH}/Unrealm.framework",
			);
			runOnlyForDeploymentPostprocessing = 0;
			shellPath = /bin/sh;
			shellScript = "\"${PODS_ROOT}/Target Support Files/Pods-Example with Abstraction/Pods-Example with Abstraction-frameworks.sh\"\n";
			showEnvVarsInLog = 0;
		};
		D12D85E76C752537157FDAC0 /* [CP] Check Pods Manifest.lock */ = {
			isa = PBXShellScriptBuildPhase;
			buildActionMask = 2147483647;
			files = (
			);
			inputFileListPaths = (
			);
			inputPaths = (
				"${PODS_PODFILE_DIR_PATH}/Podfile.lock",
				"${PODS_ROOT}/Manifest.lock",
			);
			name = "[CP] Check Pods Manifest.lock";
			outputFileListPaths = (
			);
			outputPaths = (
				"$(DERIVED_FILE_DIR)/Pods-Unrealm_Tests-checkManifestLockResult.txt",
			);
			runOnlyForDeploymentPostprocessing = 0;
			shellPath = /bin/sh;
			shellScript = "diff \"${PODS_PODFILE_DIR_PATH}/Podfile.lock\" \"${PODS_ROOT}/Manifest.lock\" > /dev/null\nif [ $? != 0 ] ; then\n    # print error to STDERR\n    echo \"error: The sandbox is not in sync with the Podfile.lock. Run 'pod install' or update your CocoaPods installation.\" >&2\n    exit 1\nfi\n# This output is used by Xcode 'outputs' to avoid re-running this script phase.\necho \"SUCCESS\" > \"${SCRIPT_OUTPUT_FILE_0}\"\n";
			showEnvVarsInLog = 0;
		};
		DFEC873AEE171C504AE743F2 /* [CP] Check Pods Manifest.lock */ = {
			isa = PBXShellScriptBuildPhase;
			buildActionMask = 2147483647;
			files = (
			);
			inputFileListPaths = (
			);
			inputPaths = (
				"${PODS_PODFILE_DIR_PATH}/Podfile.lock",
				"${PODS_ROOT}/Manifest.lock",
			);
			name = "[CP] Check Pods Manifest.lock";
			outputFileListPaths = (
			);
			outputPaths = (
				"$(DERIVED_FILE_DIR)/Pods-Example with Abstraction-checkManifestLockResult.txt",
			);
			runOnlyForDeploymentPostprocessing = 0;
			shellPath = /bin/sh;
			shellScript = "diff \"${PODS_PODFILE_DIR_PATH}/Podfile.lock\" \"${PODS_ROOT}/Manifest.lock\" > /dev/null\nif [ $? != 0 ] ; then\n    # print error to STDERR\n    echo \"error: The sandbox is not in sync with the Podfile.lock. Run 'pod install' or update your CocoaPods installation.\" >&2\n    exit 1\nfi\n# This output is used by Xcode 'outputs' to avoid re-running this script phase.\necho \"SUCCESS\" > \"${SCRIPT_OUTPUT_FILE_0}\"\n";
			showEnvVarsInLog = 0;
		};
/* End PBXShellScriptBuildPhase section */

/* Begin PBXSourcesBuildPhase section */
		607FACCC1AFB9204008FA782 /* Sources */ = {
			isa = PBXSourcesBuildPhase;
			buildActionMask = 2147483647;
			files = (
				75D4AEEA229B1BDD0038C8C4 /* ToDoListController.swift in Sources */,
				75D4AEE3229B19550038C8C4 /* ToDoItem.swift in Sources */,
				75D4AEEE229B1DCB0038C8C4 /* UITableView+RealmChanges.swift in Sources */,
				75D4AEE6229B1B3B0038C8C4 /* ToDoTableViewCell.swift in Sources */,
				75D4AEEF229B1DCB0038C8C4 /* UserInputAlert.swift in Sources */,
				607FACD61AFB9204008FA782 /* AppDelegate.swift in Sources */,
			);
			runOnlyForDeploymentPostprocessing = 0;
		};
		607FACE11AFB9204008FA782 /* Sources */ = {
			isa = PBXSourcesBuildPhase;
			buildActionMask = 2147483647;
			files = (
				750EC15622CAA52A005CBAE8 /* Person.swift in Sources */,
				AFD47B20233902C500FCCA4A /* Driver.swift in Sources */,
				757C87F522905A2E00BF03A7 /* Location.swift in Sources */,
				AFD47B1E233902C500FCCA4A /* Passenger.swift in Sources */,
				607FACEC1AFB9204008FA782 /* Tests.swift in Sources */,
				75D4AEF0229B2B160038C8C4 /* Dog.swift in Sources */,
				AFA449A323CDE6A2003845CA /* RLMTestClass.swift in Sources */,
				7597068F242537F8002BD2EE /* NestedStruct.swift in Sources */,
				757C87F622905A2E00BF03A7 /* User.swift in Sources */,
			);
			runOnlyForDeploymentPostprocessing = 0;
		};
		7597067424241214002BD2EE /* Sources */ = {
			isa = PBXSourcesBuildPhase;
			buildActionMask = 2147483647;
			files = (
				7597067D24241215002BD2EE /* ViewController.swift in Sources */,
				7597068C2424218A002BD2EE /* WindowController.swift in Sources */,
				7597067B24241215002BD2EE /* AppDelegate.swift in Sources */,
				759706882424183E002BD2EE /* ToDoItem.swift in Sources */,
				7597068A24241E35002BD2EE /* TableCellViewModel.swift in Sources */,
			);
			runOnlyForDeploymentPostprocessing = 0;
		};
		AF6A481C2406AC260000D9A1 /* Sources */ = {
			isa = PBXSourcesBuildPhase;
			buildActionMask = 2147483647;
			files = (
				AF6A482E2406AC3A0000D9A1 /* RealmStorage.swift in Sources */,
			);
			runOnlyForDeploymentPostprocessing = 0;
		};
		AF6A48322406ACD80000D9A1 /* Sources */ = {
			isa = PBXSourcesBuildPhase;
			buildActionMask = 2147483647;
			files = (
				AF4394812406BE26000F23FD /* Results.swift in Sources */,
				AF6A48432406ACED0000D9A1 /* LocalStorage.swift in Sources */,
			);
			runOnlyForDeploymentPostprocessing = 0;
		};
		AFA3A3C42406B18900466710 /* Sources */ = {
			isa = PBXSourcesBuildPhase;
			buildActionMask = 2147483647;
			files = (
				AFA3A3EC2406B4EE00466710 /* StorageProvider.swift in Sources */,
				75F16D9F2406DF3100610F0A /* UserInputAlert.swift in Sources */,
				75F16DA42406DFFB00610F0A /* ToDoTableViewCell.swift in Sources */,
				AFA3A3CB2406B18900466710 /* AppDelegate.swift in Sources */,
				75F16DA32406DFFB00610F0A /* ToDoListController.swift in Sources */,
				75F16D9E2406DF2C00610F0A /* UITableView+RealmChanges.swift in Sources */,
				AFA3A3EA2406B46B00466710 /* ToDoItem.swift in Sources */,
			);
			runOnlyForDeploymentPostprocessing = 0;
		};
/* End PBXSourcesBuildPhase section */

/* Begin PBXTargetDependency section */
		607FACE71AFB9204008FA782 /* PBXTargetDependency */ = {
			isa = PBXTargetDependency;
			target = 607FACCF1AFB9204008FA782 /* Unrealm_Example */;
			targetProxy = 607FACE61AFB9204008FA782 /* PBXContainerItemProxy */;
		};
		AF6A48472406AD090000D9A1 /* PBXTargetDependency */ = {
			isa = PBXTargetDependency;
			target = AF6A48352406ACD80000D9A1 /* LocalStorage */;
			targetProxy = AF6A48462406AD090000D9A1 /* PBXContainerItemProxy */;
		};
		AFA3A3DF2406B1B300466710 /* PBXTargetDependency */ = {
			isa = PBXTargetDependency;
			target = AF6A481F2406AC260000D9A1 /* RealmStorage */;
			targetProxy = AFA3A3DE2406B1B300466710 /* PBXContainerItemProxy */;
		};
		AFA3A3E62406B3A400466710 /* PBXTargetDependency */ = {
			isa = PBXTargetDependency;
			target = AF6A48352406ACD80000D9A1 /* LocalStorage */;
			targetProxy = AFA3A3E52406B3A400466710 /* PBXContainerItemProxy */;
		};
/* End PBXTargetDependency section */

/* Begin PBXVariantGroup section */
		607FACD91AFB9204008FA782 /* Main.storyboard */ = {
			isa = PBXVariantGroup;
			children = (
				607FACDA1AFB9204008FA782 /* Base */,
			);
			name = Main.storyboard;
			sourceTree = "<group>";
		};
		607FACDE1AFB9204008FA782 /* LaunchScreen.xib */ = {
			isa = PBXVariantGroup;
			children = (
				607FACDF1AFB9204008FA782 /* Base */,
			);
			name = LaunchScreen.xib;
			sourceTree = "<group>";
		};
		7597068024241216002BD2EE /* Main.storyboard */ = {
			isa = PBXVariantGroup;
			children = (
				7597068124241216002BD2EE /* Base */,
			);
			name = Main.storyboard;
			sourceTree = "<group>";
		};
		AFA3A3D02406B18900466710 /* Main.storyboard */ = {
			isa = PBXVariantGroup;
			children = (
				AFA3A3D12406B18900466710 /* Base */,
			);
			name = Main.storyboard;
			sourceTree = "<group>";
		};
		AFA3A3D52406B18A00466710 /* LaunchScreen.storyboard */ = {
			isa = PBXVariantGroup;
			children = (
				AFA3A3D62406B18A00466710 /* Base */,
			);
			name = LaunchScreen.storyboard;
			sourceTree = "<group>";
		};
/* End PBXVariantGroup section */

/* Begin XCBuildConfiguration section */
		607FACED1AFB9204008FA782 /* Debug */ = {
			isa = XCBuildConfiguration;
			buildSettings = {
				ALWAYS_SEARCH_USER_PATHS = NO;
				CLANG_ANALYZER_LOCALIZABILITY_NONLOCALIZED = YES;
				CLANG_CXX_LANGUAGE_STANDARD = "gnu++0x";
				CLANG_CXX_LIBRARY = "libc++";
				CLANG_ENABLE_MODULES = YES;
				CLANG_ENABLE_OBJC_ARC = YES;
				CLANG_WARN_BLOCK_CAPTURE_AUTORELEASING = YES;
				CLANG_WARN_BOOL_CONVERSION = YES;
				CLANG_WARN_COMMA = YES;
				CLANG_WARN_CONSTANT_CONVERSION = YES;
				CLANG_WARN_DEPRECATED_OBJC_IMPLEMENTATIONS = YES;
				CLANG_WARN_DIRECT_OBJC_ISA_USAGE = YES_ERROR;
				CLANG_WARN_EMPTY_BODY = YES;
				CLANG_WARN_ENUM_CONVERSION = YES;
				CLANG_WARN_INFINITE_RECURSION = YES;
				CLANG_WARN_INT_CONVERSION = YES;
				CLANG_WARN_NON_LITERAL_NULL_CONVERSION = YES;
				CLANG_WARN_OBJC_IMPLICIT_RETAIN_SELF = YES;
				CLANG_WARN_OBJC_LITERAL_CONVERSION = YES;
				CLANG_WARN_OBJC_ROOT_CLASS = YES_ERROR;
				CLANG_WARN_RANGE_LOOP_ANALYSIS = YES;
				CLANG_WARN_STRICT_PROTOTYPES = YES;
				CLANG_WARN_SUSPICIOUS_MOVE = YES;
				CLANG_WARN_UNREACHABLE_CODE = YES;
				CLANG_WARN__DUPLICATE_METHOD_MATCH = YES;
				"CODE_SIGN_IDENTITY[sdk=iphoneos*]" = "iPhone Developer";
				COPY_PHASE_STRIP = NO;
				DEBUG_INFORMATION_FORMAT = "dwarf-with-dsym";
				ENABLE_STRICT_OBJC_MSGSEND = YES;
				ENABLE_TESTABILITY = YES;
				GCC_C_LANGUAGE_STANDARD = gnu99;
				GCC_DYNAMIC_NO_PIC = NO;
				GCC_NO_COMMON_BLOCKS = YES;
				GCC_OPTIMIZATION_LEVEL = 0;
				GCC_PREPROCESSOR_DEFINITIONS = (
					"DEBUG=1",
					"$(inherited)",
				);
				GCC_SYMBOLS_PRIVATE_EXTERN = NO;
				GCC_WARN_64_TO_32_BIT_CONVERSION = YES;
				GCC_WARN_ABOUT_RETURN_TYPE = YES_ERROR;
				GCC_WARN_UNDECLARED_SELECTOR = YES;
				GCC_WARN_UNINITIALIZED_AUTOS = YES_AGGRESSIVE;
				GCC_WARN_UNUSED_FUNCTION = YES;
				GCC_WARN_UNUSED_VARIABLE = YES;
				IPHONEOS_DEPLOYMENT_TARGET = 9.3;
				MTL_ENABLE_DEBUG_INFO = YES;
				ONLY_ACTIVE_ARCH = YES;
				SDKROOT = iphoneos;
				SWIFT_OPTIMIZATION_LEVEL = "-Onone";
			};
			name = Debug;
		};
		607FACEE1AFB9204008FA782 /* Release */ = {
			isa = XCBuildConfiguration;
			buildSettings = {
				ALWAYS_SEARCH_USER_PATHS = NO;
				CLANG_ANALYZER_LOCALIZABILITY_NONLOCALIZED = YES;
				CLANG_CXX_LANGUAGE_STANDARD = "gnu++0x";
				CLANG_CXX_LIBRARY = "libc++";
				CLANG_ENABLE_MODULES = YES;
				CLANG_ENABLE_OBJC_ARC = YES;
				CLANG_WARN_BLOCK_CAPTURE_AUTORELEASING = YES;
				CLANG_WARN_BOOL_CONVERSION = YES;
				CLANG_WARN_COMMA = YES;
				CLANG_WARN_CONSTANT_CONVERSION = YES;
				CLANG_WARN_DEPRECATED_OBJC_IMPLEMENTATIONS = YES;
				CLANG_WARN_DIRECT_OBJC_ISA_USAGE = YES_ERROR;
				CLANG_WARN_EMPTY_BODY = YES;
				CLANG_WARN_ENUM_CONVERSION = YES;
				CLANG_WARN_INFINITE_RECURSION = YES;
				CLANG_WARN_INT_CONVERSION = YES;
				CLANG_WARN_NON_LITERAL_NULL_CONVERSION = YES;
				CLANG_WARN_OBJC_IMPLICIT_RETAIN_SELF = YES;
				CLANG_WARN_OBJC_LITERAL_CONVERSION = YES;
				CLANG_WARN_OBJC_ROOT_CLASS = YES_ERROR;
				CLANG_WARN_RANGE_LOOP_ANALYSIS = YES;
				CLANG_WARN_STRICT_PROTOTYPES = YES;
				CLANG_WARN_SUSPICIOUS_MOVE = YES;
				CLANG_WARN_UNREACHABLE_CODE = YES;
				CLANG_WARN__DUPLICATE_METHOD_MATCH = YES;
				"CODE_SIGN_IDENTITY[sdk=iphoneos*]" = "iPhone Developer";
				COPY_PHASE_STRIP = NO;
				DEBUG_INFORMATION_FORMAT = "dwarf-with-dsym";
				ENABLE_NS_ASSERTIONS = NO;
				ENABLE_STRICT_OBJC_MSGSEND = YES;
				GCC_C_LANGUAGE_STANDARD = gnu99;
				GCC_NO_COMMON_BLOCKS = YES;
				GCC_WARN_64_TO_32_BIT_CONVERSION = YES;
				GCC_WARN_ABOUT_RETURN_TYPE = YES_ERROR;
				GCC_WARN_UNDECLARED_SELECTOR = YES;
				GCC_WARN_UNINITIALIZED_AUTOS = YES_AGGRESSIVE;
				GCC_WARN_UNUSED_FUNCTION = YES;
				GCC_WARN_UNUSED_VARIABLE = YES;
				IPHONEOS_DEPLOYMENT_TARGET = 9.3;
				MTL_ENABLE_DEBUG_INFO = NO;
				SDKROOT = iphoneos;
				SWIFT_OPTIMIZATION_LEVEL = "-Owholemodule";
				VALIDATE_PRODUCT = YES;
			};
			name = Release;
		};
		607FACF01AFB9204008FA782 /* Debug */ = {
			isa = XCBuildConfiguration;
			baseConfigurationReference = ADD323495251385BFDE17EED /* Pods-Unrealm_Example.debug.xcconfig */;
			buildSettings = {
				ASSETCATALOG_COMPILER_APPICON_NAME = AppIcon;
				INFOPLIST_FILE = Unrealm/Info.plist;
				IPHONEOS_DEPLOYMENT_TARGET = 11.1;
				LD_RUNPATH_SEARCH_PATHS = "$(inherited) @executable_path/Frameworks";
				MODULE_NAME = ExampleApp;
				PRODUCT_BUNDLE_IDENTIFIER = "org.cocoapods.demo.$(PRODUCT_NAME:rfc1034identifier)";
				PRODUCT_NAME = "$(TARGET_NAME)";
				SWIFT_SWIFT3_OBJC_INFERENCE = Default;
				SWIFT_VERSION = 5.0;
			};
			name = Debug;
		};
		607FACF11AFB9204008FA782 /* Release */ = {
			isa = XCBuildConfiguration;
			baseConfigurationReference = 69F8DA86A48340925389E082 /* Pods-Unrealm_Example.release.xcconfig */;
			buildSettings = {
				ASSETCATALOG_COMPILER_APPICON_NAME = AppIcon;
				INFOPLIST_FILE = Unrealm/Info.plist;
				IPHONEOS_DEPLOYMENT_TARGET = 11.1;
				LD_RUNPATH_SEARCH_PATHS = "$(inherited) @executable_path/Frameworks";
				MODULE_NAME = ExampleApp;
				PRODUCT_BUNDLE_IDENTIFIER = "org.cocoapods.demo.$(PRODUCT_NAME:rfc1034identifier)";
				PRODUCT_NAME = "$(TARGET_NAME)";
				SWIFT_SWIFT3_OBJC_INFERENCE = Default;
				SWIFT_VERSION = 5.0;
			};
			name = Release;
		};
		607FACF31AFB9204008FA782 /* Debug */ = {
			isa = XCBuildConfiguration;
			baseConfigurationReference = 636889E849F77082BE1B4532 /* Pods-Unrealm_Tests.debug.xcconfig */;
			buildSettings = {
				FRAMEWORK_SEARCH_PATHS = "$(inherited)";
				GCC_PREPROCESSOR_DEFINITIONS = (
					"DEBUG=1",
					"$(inherited)",
				);
				INFOPLIST_FILE = Tests/Info.plist;
				IPHONEOS_DEPLOYMENT_TARGET = 11.1;
				LD_RUNPATH_SEARCH_PATHS = "$(inherited) @executable_path/Frameworks @loader_path/Frameworks $(FRAMEWORK_SEARCH_PATHS)";
				PRODUCT_BUNDLE_IDENTIFIER = "org.cocoapods.$(PRODUCT_NAME:rfc1034identifier)";
				PRODUCT_NAME = "$(TARGET_NAME)";
				SWIFT_SWIFT3_OBJC_INFERENCE = Default;
				SWIFT_VERSION = 5.0;
				TEST_HOST = "$(BUILT_PRODUCTS_DIR)/Unrealm_Example.app/Unrealm_Example";
			};
			name = Debug;
		};
		607FACF41AFB9204008FA782 /* Release */ = {
			isa = XCBuildConfiguration;
			baseConfigurationReference = 692E1D3E6D897AFA2B3E4E4F /* Pods-Unrealm_Tests.release.xcconfig */;
			buildSettings = {
				FRAMEWORK_SEARCH_PATHS = "$(inherited)";
				INFOPLIST_FILE = Tests/Info.plist;
				IPHONEOS_DEPLOYMENT_TARGET = 11.1;
				LD_RUNPATH_SEARCH_PATHS = "$(inherited) @executable_path/Frameworks @loader_path/Frameworks $(FRAMEWORK_SEARCH_PATHS)";
				PRODUCT_BUNDLE_IDENTIFIER = "org.cocoapods.$(PRODUCT_NAME:rfc1034identifier)";
				PRODUCT_NAME = "$(TARGET_NAME)";
				SWIFT_SWIFT3_OBJC_INFERENCE = Default;
				SWIFT_VERSION = 5.0;
				TEST_HOST = "$(BUILT_PRODUCTS_DIR)/Unrealm_Example.app/Unrealm_Example";
			};
			name = Release;
		};
		7597068524241216002BD2EE /* Debug */ = {
			isa = XCBuildConfiguration;
			buildSettings = {
				ASSETCATALOG_COMPILER_APPICON_NAME = AppIcon;
				CLANG_ANALYZER_NONNULL = YES;
				CLANG_ANALYZER_NUMBER_OBJECT_CONVERSION = YES_AGGRESSIVE;
				CLANG_CXX_LANGUAGE_STANDARD = "gnu++14";
				CLANG_ENABLE_OBJC_WEAK = YES;
				CLANG_WARN_DOCUMENTATION_COMMENTS = YES;
				CLANG_WARN_UNGUARDED_AVAILABILITY = YES_AGGRESSIVE;
				CODE_SIGN_ENTITLEMENTS = "Example with Mac/Example_with_Mac.entitlements";
				CODE_SIGN_STYLE = Automatic;
				COMBINE_HIDPI_IMAGES = YES;
				DEBUG_INFORMATION_FORMAT = dwarf;
				GCC_C_LANGUAGE_STANDARD = gnu11;
				INFOPLIST_FILE = "Example with Mac/Info.plist";
				LD_RUNPATH_SEARCH_PATHS = "$(inherited) @executable_path/../Frameworks";
				MACOSX_DEPLOYMENT_TARGET = 10.15;
				MTL_ENABLE_DEBUG_INFO = INCLUDE_SOURCE;
				MTL_FAST_MATH = YES;
				PRODUCT_BUNDLE_IDENTIFIER = "com.arturdev.Example-with-Mac";
				PRODUCT_NAME = "$(TARGET_NAME)";
				SDKROOT = macosx;
				SWIFT_ACTIVE_COMPILATION_CONDITIONS = DEBUG;
				SWIFT_VERSION = 5.0;
			};
			name = Debug;
		};
		7597068624241216002BD2EE /* Release */ = {
			isa = XCBuildConfiguration;
			buildSettings = {
				ASSETCATALOG_COMPILER_APPICON_NAME = AppIcon;
				CLANG_ANALYZER_NONNULL = YES;
				CLANG_ANALYZER_NUMBER_OBJECT_CONVERSION = YES_AGGRESSIVE;
				CLANG_CXX_LANGUAGE_STANDARD = "gnu++14";
				CLANG_ENABLE_OBJC_WEAK = YES;
				CLANG_WARN_DOCUMENTATION_COMMENTS = YES;
				CLANG_WARN_UNGUARDED_AVAILABILITY = YES_AGGRESSIVE;
				CODE_SIGN_ENTITLEMENTS = "Example with Mac/Example_with_Mac.entitlements";
				CODE_SIGN_STYLE = Automatic;
				COMBINE_HIDPI_IMAGES = YES;
				GCC_C_LANGUAGE_STANDARD = gnu11;
				INFOPLIST_FILE = "Example with Mac/Info.plist";
				LD_RUNPATH_SEARCH_PATHS = "$(inherited) @executable_path/../Frameworks";
				MACOSX_DEPLOYMENT_TARGET = 10.15;
				MTL_FAST_MATH = YES;
				PRODUCT_BUNDLE_IDENTIFIER = "com.arturdev.Example-with-Mac";
				PRODUCT_NAME = "$(TARGET_NAME)";
				SDKROOT = macosx;
				SWIFT_VERSION = 5.0;
			};
			name = Release;
		};
		AF6A482A2406AC260000D9A1 /* Debug */ = {
			isa = XCBuildConfiguration;
			baseConfigurationReference = DFA033B0738F2A562D98C1D8 /* Pods-RealmStorage.debug.xcconfig */;
			buildSettings = {
				CLANG_ANALYZER_NONNULL = YES;
				CLANG_ANALYZER_NUMBER_OBJECT_CONVERSION = YES_AGGRESSIVE;
				CLANG_CXX_LANGUAGE_STANDARD = "gnu++14";
				CLANG_ENABLE_MODULES = YES;
				CLANG_ENABLE_OBJC_WEAK = YES;
				CLANG_WARN_DOCUMENTATION_COMMENTS = YES;
				CLANG_WARN_UNGUARDED_AVAILABILITY = YES_AGGRESSIVE;
				CODE_SIGN_STYLE = Automatic;
				CURRENT_PROJECT_VERSION = 1;
				DEBUG_INFORMATION_FORMAT = dwarf;
				DEFINES_MODULE = YES;
				DYLIB_COMPATIBILITY_VERSION = 1;
				DYLIB_CURRENT_VERSION = 1;
				DYLIB_INSTALL_NAME_BASE = "@rpath";
				GCC_C_LANGUAGE_STANDARD = gnu11;
				INFOPLIST_FILE = "Example with Abstraction/RealmStorage/Info.plist";
				INSTALL_PATH = "$(LOCAL_LIBRARY_DIR)/Frameworks";
				IPHONEOS_DEPLOYMENT_TARGET = 13.2;
				LD_RUNPATH_SEARCH_PATHS = "$(inherited) @executable_path/Frameworks @loader_path/Frameworks";
				MTL_ENABLE_DEBUG_INFO = INCLUDE_SOURCE;
				MTL_FAST_MATH = YES;
				PRODUCT_BUNDLE_IDENTIFIER = com.arturdev.RealmStorage;
				PRODUCT_NAME = "$(TARGET_NAME:c99extidentifier)";
				SKIP_INSTALL = YES;
				SWIFT_ACTIVE_COMPILATION_CONDITIONS = DEBUG;
				SWIFT_OPTIMIZATION_LEVEL = "-Onone";
				SWIFT_VERSION = 5.0;
				TARGETED_DEVICE_FAMILY = "1,2";
				VERSIONING_SYSTEM = "apple-generic";
				VERSION_INFO_PREFIX = "";
			};
			name = Debug;
		};
		AF6A482B2406AC260000D9A1 /* Release */ = {
			isa = XCBuildConfiguration;
			baseConfigurationReference = DACEE9F0F1E114711D2E7895 /* Pods-RealmStorage.release.xcconfig */;
			buildSettings = {
				CLANG_ANALYZER_NONNULL = YES;
				CLANG_ANALYZER_NUMBER_OBJECT_CONVERSION = YES_AGGRESSIVE;
				CLANG_CXX_LANGUAGE_STANDARD = "gnu++14";
				CLANG_ENABLE_MODULES = YES;
				CLANG_ENABLE_OBJC_WEAK = YES;
				CLANG_WARN_DOCUMENTATION_COMMENTS = YES;
				CLANG_WARN_UNGUARDED_AVAILABILITY = YES_AGGRESSIVE;
				CODE_SIGN_STYLE = Automatic;
				CURRENT_PROJECT_VERSION = 1;
				DEFINES_MODULE = YES;
				DYLIB_COMPATIBILITY_VERSION = 1;
				DYLIB_CURRENT_VERSION = 1;
				DYLIB_INSTALL_NAME_BASE = "@rpath";
				GCC_C_LANGUAGE_STANDARD = gnu11;
				INFOPLIST_FILE = "Example with Abstraction/RealmStorage/Info.plist";
				INSTALL_PATH = "$(LOCAL_LIBRARY_DIR)/Frameworks";
				IPHONEOS_DEPLOYMENT_TARGET = 13.2;
				LD_RUNPATH_SEARCH_PATHS = "$(inherited) @executable_path/Frameworks @loader_path/Frameworks";
				MTL_FAST_MATH = YES;
				PRODUCT_BUNDLE_IDENTIFIER = com.arturdev.RealmStorage;
				PRODUCT_NAME = "$(TARGET_NAME:c99extidentifier)";
				SKIP_INSTALL = YES;
				SWIFT_VERSION = 5.0;
				TARGETED_DEVICE_FAMILY = "1,2";
				VERSIONING_SYSTEM = "apple-generic";
				VERSION_INFO_PREFIX = "";
			};
			name = Release;
		};
		AF6A483F2406ACD80000D9A1 /* Debug */ = {
			isa = XCBuildConfiguration;
			buildSettings = {
				CLANG_ANALYZER_NONNULL = YES;
				CLANG_ANALYZER_NUMBER_OBJECT_CONVERSION = YES_AGGRESSIVE;
				CLANG_CXX_LANGUAGE_STANDARD = "gnu++14";
				CLANG_ENABLE_OBJC_WEAK = YES;
				CLANG_WARN_DOCUMENTATION_COMMENTS = YES;
				CLANG_WARN_UNGUARDED_AVAILABILITY = YES_AGGRESSIVE;
				CODE_SIGN_STYLE = Automatic;
				CURRENT_PROJECT_VERSION = 1;
				DEBUG_INFORMATION_FORMAT = dwarf;
				DEFINES_MODULE = YES;
				DERIVE_MACCATALYST_PRODUCT_BUNDLE_IDENTIFIER = NO;
				DYLIB_COMPATIBILITY_VERSION = 1;
				DYLIB_CURRENT_VERSION = 1;
				DYLIB_INSTALL_NAME_BASE = "@rpath";
				GCC_C_LANGUAGE_STANDARD = gnu11;
				INFOPLIST_FILE = "Example with Abstraction/LocalStorage/Info.plist";
				INSTALL_PATH = "$(LOCAL_LIBRARY_DIR)/Frameworks";
				IPHONEOS_DEPLOYMENT_TARGET = 13.2;
				LD_RUNPATH_SEARCH_PATHS = "$(inherited) @executable_path/Frameworks @loader_path/Frameworks";
				MTL_ENABLE_DEBUG_INFO = INCLUDE_SOURCE;
				MTL_FAST_MATH = YES;
				PRODUCT_BUNDLE_IDENTIFIER = com.arturdev.LocalStorage;
				PRODUCT_NAME = "$(TARGET_NAME:c99extidentifier)";
				SKIP_INSTALL = YES;
				SUPPORTS_MACCATALYST = NO;
				SWIFT_ACTIVE_COMPILATION_CONDITIONS = DEBUG;
				SWIFT_VERSION = 5.0;
				TARGETED_DEVICE_FAMILY = "1,2";
				VERSIONING_SYSTEM = "apple-generic";
				VERSION_INFO_PREFIX = "";
			};
			name = Debug;
		};
		AF6A48402406ACD80000D9A1 /* Release */ = {
			isa = XCBuildConfiguration;
			buildSettings = {
				CLANG_ANALYZER_NONNULL = YES;
				CLANG_ANALYZER_NUMBER_OBJECT_CONVERSION = YES_AGGRESSIVE;
				CLANG_CXX_LANGUAGE_STANDARD = "gnu++14";
				CLANG_ENABLE_OBJC_WEAK = YES;
				CLANG_WARN_DOCUMENTATION_COMMENTS = YES;
				CLANG_WARN_UNGUARDED_AVAILABILITY = YES_AGGRESSIVE;
				CODE_SIGN_STYLE = Automatic;
				CURRENT_PROJECT_VERSION = 1;
				DEFINES_MODULE = YES;
				DERIVE_MACCATALYST_PRODUCT_BUNDLE_IDENTIFIER = NO;
				DYLIB_COMPATIBILITY_VERSION = 1;
				DYLIB_CURRENT_VERSION = 1;
				DYLIB_INSTALL_NAME_BASE = "@rpath";
				GCC_C_LANGUAGE_STANDARD = gnu11;
				INFOPLIST_FILE = "Example with Abstraction/LocalStorage/Info.plist";
				INSTALL_PATH = "$(LOCAL_LIBRARY_DIR)/Frameworks";
				IPHONEOS_DEPLOYMENT_TARGET = 13.2;
				LD_RUNPATH_SEARCH_PATHS = "$(inherited) @executable_path/Frameworks @loader_path/Frameworks";
				MTL_FAST_MATH = YES;
				PRODUCT_BUNDLE_IDENTIFIER = com.arturdev.LocalStorage;
				PRODUCT_NAME = "$(TARGET_NAME:c99extidentifier)";
				SKIP_INSTALL = YES;
				SUPPORTS_MACCATALYST = NO;
				SWIFT_VERSION = 5.0;
				TARGETED_DEVICE_FAMILY = "1,2";
				VERSIONING_SYSTEM = "apple-generic";
				VERSION_INFO_PREFIX = "";
			};
			name = Release;
		};
		AFA3A3DA2406B18B00466710 /* Debug */ = {
			isa = XCBuildConfiguration;
			baseConfigurationReference = 6558BE3FA92312ADDF029457 /* Pods-Example with Abstraction.debug.xcconfig */;
			buildSettings = {
				ASSETCATALOG_COMPILER_APPICON_NAME = AppIcon;
				CLANG_ANALYZER_NONNULL = YES;
				CLANG_ANALYZER_NUMBER_OBJECT_CONVERSION = YES_AGGRESSIVE;
				CLANG_CXX_LANGUAGE_STANDARD = "gnu++14";
				CLANG_ENABLE_OBJC_WEAK = YES;
				CLANG_WARN_DOCUMENTATION_COMMENTS = YES;
				CLANG_WARN_UNGUARDED_AVAILABILITY = YES_AGGRESSIVE;
				CODE_SIGN_STYLE = Automatic;
				DEBUG_INFORMATION_FORMAT = dwarf;
				GCC_C_LANGUAGE_STANDARD = gnu11;
				INFOPLIST_FILE = "Example with Abstraction/Supporting Files/Info.plist";
				IPHONEOS_DEPLOYMENT_TARGET = 13.2;
				LD_RUNPATH_SEARCH_PATHS = "$(inherited) @executable_path/Frameworks";
				MTL_ENABLE_DEBUG_INFO = INCLUDE_SOURCE;
				MTL_FAST_MATH = YES;
				PRODUCT_BUNDLE_IDENTIFIER = "com.arturdev.Example-with-Abstraction";
				PRODUCT_NAME = "$(TARGET_NAME)";
				SWIFT_ACTIVE_COMPILATION_CONDITIONS = DEBUG;
				SWIFT_VERSION = 5.0;
				TARGETED_DEVICE_FAMILY = "1,2";
			};
			name = Debug;
		};
		AFA3A3DB2406B18B00466710 /* Release */ = {
			isa = XCBuildConfiguration;
			baseConfigurationReference = 779517AF2142D68C25B996ED /* Pods-Example with Abstraction.release.xcconfig */;
			buildSettings = {
				ASSETCATALOG_COMPILER_APPICON_NAME = AppIcon;
				CLANG_ANALYZER_NONNULL = YES;
				CLANG_ANALYZER_NUMBER_OBJECT_CONVERSION = YES_AGGRESSIVE;
				CLANG_CXX_LANGUAGE_STANDARD = "gnu++14";
				CLANG_ENABLE_OBJC_WEAK = YES;
				CLANG_WARN_DOCUMENTATION_COMMENTS = YES;
				CLANG_WARN_UNGUARDED_AVAILABILITY = YES_AGGRESSIVE;
				CODE_SIGN_STYLE = Automatic;
				GCC_C_LANGUAGE_STANDARD = gnu11;
				INFOPLIST_FILE = "Example with Abstraction/Supporting Files/Info.plist";
				IPHONEOS_DEPLOYMENT_TARGET = 13.2;
				LD_RUNPATH_SEARCH_PATHS = "$(inherited) @executable_path/Frameworks";
				MTL_FAST_MATH = YES;
				PRODUCT_BUNDLE_IDENTIFIER = "com.arturdev.Example-with-Abstraction";
				PRODUCT_NAME = "$(TARGET_NAME)";
				SWIFT_VERSION = 5.0;
				TARGETED_DEVICE_FAMILY = "1,2";
			};
			name = Release;
		};
/* End XCBuildConfiguration section */

/* Begin XCConfigurationList section */
		607FACCB1AFB9204008FA782 /* Build configuration list for PBXProject "Unrealm" */ = {
			isa = XCConfigurationList;
			buildConfigurations = (
				607FACED1AFB9204008FA782 /* Debug */,
				607FACEE1AFB9204008FA782 /* Release */,
			);
			defaultConfigurationIsVisible = 0;
			defaultConfigurationName = Release;
		};
		607FACEF1AFB9204008FA782 /* Build configuration list for PBXNativeTarget "Unrealm_Example" */ = {
			isa = XCConfigurationList;
			buildConfigurations = (
				607FACF01AFB9204008FA782 /* Debug */,
				607FACF11AFB9204008FA782 /* Release */,
			);
			defaultConfigurationIsVisible = 0;
			defaultConfigurationName = Release;
		};
		607FACF21AFB9204008FA782 /* Build configuration list for PBXNativeTarget "Unrealm_Tests" */ = {
			isa = XCConfigurationList;
			buildConfigurations = (
				607FACF31AFB9204008FA782 /* Debug */,
				607FACF41AFB9204008FA782 /* Release */,
			);
			defaultConfigurationIsVisible = 0;
			defaultConfigurationName = Release;
		};
		7597068724241216002BD2EE /* Build configuration list for PBXNativeTarget "Example with Mac" */ = {
			isa = XCConfigurationList;
			buildConfigurations = (
				7597068524241216002BD2EE /* Debug */,
				7597068624241216002BD2EE /* Release */,
			);
			defaultConfigurationIsVisible = 0;
			defaultConfigurationName = Release;
		};
		AF6A48292406AC260000D9A1 /* Build configuration list for PBXNativeTarget "RealmStorage" */ = {
			isa = XCConfigurationList;
			buildConfigurations = (
				AF6A482A2406AC260000D9A1 /* Debug */,
				AF6A482B2406AC260000D9A1 /* Release */,
			);
			defaultConfigurationIsVisible = 0;
			defaultConfigurationName = Release;
		};
		AF6A48412406ACD80000D9A1 /* Build configuration list for PBXNativeTarget "LocalStorage" */ = {
			isa = XCConfigurationList;
			buildConfigurations = (
				AF6A483F2406ACD80000D9A1 /* Debug */,
				AF6A48402406ACD80000D9A1 /* Release */,
			);
			defaultConfigurationIsVisible = 0;
			defaultConfigurationName = Release;
		};
		AFA3A3D92406B18B00466710 /* Build configuration list for PBXNativeTarget "Example with Abstraction" */ = {
			isa = XCConfigurationList;
			buildConfigurations = (
				AFA3A3DA2406B18B00466710 /* Debug */,
				AFA3A3DB2406B18B00466710 /* Release */,
			);
			defaultConfigurationIsVisible = 0;
			defaultConfigurationName = Release;
		};
/* End XCConfigurationList section */
	};
	rootObject = 607FACC81AFB9204008FA782 /* Project object */;
}
