PODS:
  - CRuntime (2.1.2)
  - Realm (3.17.3):
    - Realm/Headers (= 3.17.3)
  - Realm/Headers (3.17.3)
  - RealmSwift (3.17.3):
    - Realm (= 3.17.3)
  - Runtime (2.1.0):
    - CRuntime
  - Unrealm (0.2.0):
    - RealmSwift (= 3.17.3)
    - Runtime (= 2.1.0)

DEPENDENCIES:
  - RealmSwift (= 3.17.3)
  - Runtime (= 2.1.0)
  - Unrealm (from `../`)

SPEC REPOS:
  https://github.com/cocoapods/specs.git:
    - CRuntime
    - Realm
    - RealmSwift
    - Runtime

EXTERNAL SOURCES:
  Unrealm:
    :path: "../"

SPEC CHECKSUMS:
  CRuntime: d7ae373e07ab36e92ad273259557e3817e0c214b
  Realm: 5a1d9d47bfc101dd597668b1a8af4288a2557f6d
  RealmSwift: b7fdc2d18616621c31df5c7a398a45a2163f8eb0
  Runtime: 3e42815d18fa3075631768e79f02be2ad7e2b18f
  Unrealm: d693d9bc50d3af1b28380ff3d33ac1f6c46527c5

PODFILE CHECKSUM: 61ffa4dad6ff71d6be3444052439bb126f6abc87

COCOAPODS: 1.7.1
